
Microsoft Visual Studio Solution File, Format Version 12.00
# Visual Studio Version 17
VisualStudioVersion = 17.0.31611.283
MinimumVisualStudioVersion = 10.0.40219.1
Project("{9A19103F-16F7-4668-BE54-9A1E7A4F7556}") = "GameDb", "GameDb\GameDb.csproj", "{02B26038-0592-44CD-A286-60403997F3BE}"
EndProject
Project("{9A19103F-16F7-4668-BE54-9A1E7A4F7556}") = "GameDb.Models", "GameDb.Models\GameDb.Models.csproj", "{06EC9675-DC85-418F-A0B8-1DB30F0E3EAE}"
EndProject
Project("{9A19103F-16F7-4668-BE54-9A1E7A4F7556}") = "GameDb.Core", "GameDb.Core\GameDb.Core.csproj", "{2910A88B-0720-447B-B748-61CDB68220ED}"
EndProject
Project("{2150E333-8FDC-42A3-9474-1A3956D46DE8}") = "Tests", "Tests", "{410D33B4-898A-47D5-A0BE-3577729306E7}"
EndProject
Project("{FAE04EC0-301F-11D3-BF4B-00C04F79EFBC}") = "GameDb.Models.Test", "Tests\GameDb.Models.Test\GameDb.Models.Test.csproj", "{2527D2C5-29F6-4E98-ADEA-555D91A64179}"
EndProject
Global
	GlobalSection(SolutionConfigurationPlatforms) = preSolution
		Debug|Any CPU = Debug|Any CPU
		Release|Any CPU = Release|Any CPU
	EndGlobalSection
	GlobalSection(ProjectConfigurationPlatforms) = postSolution
		{02B26038-0592-44CD-A286-60403997F3BE}.Debug|Any CPU.ActiveCfg = Debug|Any CPU
		{02B26038-0592-44CD-A286-60403997F3BE}.Debug|Any CPU.Build.0 = Debug|Any CPU
		{02B26038-0592-44CD-A286-60403997F3BE}.Debug|Any CPU.Deploy.0 = Debug|Any CPU
		{02B26038-0592-44CD-A286-60403997F3BE}.Release|Any CPU.ActiveCfg = Release|Any CPU
		{02B26038-0592-44CD-A286-60403997F3BE}.Release|Any CPU.Build.0 = Release|Any CPU
		{02B26038-0592-44CD-A286-60403997F3BE}.Release|Any CPU.Deploy.0 = Release|Any CPU
		{06EC9675-DC85-418F-A0B8-1DB30F0E3EAE}.Debug|Any CPU.ActiveCfg = Debug|Any CPU
		{06EC9675-DC85-418F-A0B8-1DB30F0E3EAE}.Debug|Any CPU.Build.0 = Debug|Any CPU
		{06EC9675-DC85-418F-A0B8-1DB30F0E3EAE}.Release|Any CPU.ActiveCfg = Release|Any CPU
		{06EC9675-DC85-418F-A0B8-1DB30F0E3EAE}.Release|Any CPU.Build.0 = Release|Any CPU
		{2910A88B-0720-447B-B748-61CDB68220ED}.Debug|Any CPU.ActiveCfg = Debug|Any CPU
		{2910A88B-0720-447B-B748-61CDB68220ED}.Debug|Any CPU.Build.0 = Debug|Any CPU
		{2910A88B-0720-447B-B748-61CDB68220ED}.Release|Any CPU.ActiveCfg = Release|Any CPU
		{2910A88B-0720-447B-B748-61CDB68220ED}.Release|Any CPU.Build.0 = Release|Any CPU
		{2527D2C5-29F6-4E98-ADEA-555D91A64179}.Debug|Any CPU.ActiveCfg = Debug|Any CPU
		{2527D2C5-29F6-4E98-ADEA-555D91A64179}.Debug|Any CPU.Build.0 = Debug|Any CPU
		{2527D2C5-29F6-4E98-ADEA-555D91A64179}.Release|Any CPU.ActiveCfg = Release|Any CPU
		{2527D2C5-29F6-4E98-ADEA-555D91A64179}.Release|Any CPU.Build.0 = Release|Any CPU
	EndGlobalSection
	GlobalSection(SolutionProperties) = preSolution
		HideSolutionNode = FALSE
	EndGlobalSection
	GlobalSection(NestedProjects) = preSolution
		{2527D2C5-29F6-4E98-ADEA-555D91A64179} = {410D33B4-898A-47D5-A0BE-3577729306E7}
	EndGlobalSection
	GlobalSection(ExtensibilityGlobals) = postSolution
		SolutionGuid = {61F7FB11-1E47-470C-91E2-47F8143E1572}
	EndGlobalSection
EndGlobal
