{
  "version": 1,
  "dependencies": {
    "net8.0": {
      "CommunityToolkit.Diagnostics": {
        "type": "Direct",
        "requested": "[8.1.0, )",
        "resolved": "8.1.0",
        "contentHash": "R9h5uw8W2ADbmzrJpUJHH7cBpOE2g7jJ0mL/6sJEucfDvTWk3Uq/d4ZgWfVsQTf+MX8wAsWEYsc+UNfeZ3o6LQ=="
      },
      "OneOf": {
        "type": "Direct",
        "requested": "[3.0.223, )",
        "resolved": "3.0.223",
        "contentHash": "YWabiHBFfDdKIO7/TEa72mARVVo5u5FqFnfXuTqjIupMvJlhoH8d0m4uKtczaINuT0vGR1qlXJayeU6bTw5myg=="
      },
      "Michaelvsk.GameDb.Common": {
        "type": "Project",
        "dependencies": {
          "CommunityToolkit.Diagnostics": "[8.1.0, )"
        }
      }
    }
  }
}