{
  "version": 1,
  "dependencies": {
    "net7.0": {
      "CommunityToolkit.Diagnostics": {
        "type": "Direct",
        "requested": "[8.0.0-preview4, )",
        "resolved": "8.0.0-preview4",
        "contentHash": "m9L7cNLFqr61wQfUUHAF/LKsq7Ig+aUrOtURIUcGLniMfNDJW+45KuJRp7F4VUHK1gDkNTOUsmrx5b0nj2y2zw=="
      },
      "OneOf": {
        "type": "Direct",
        "requested": "[3.0.223, )",
        "resolved": "3.0.223",
        "contentHash": "YWabiHBFfDdKIO7/TEa72mARVVo5u5FqFnfXuTqjIupMvJlhoH8d0m4uKtczaINuT0vGR1qlXJayeU6bTw5myg=="
      },
      "Michaelvsk.GameDb.Common": {
        "type": "Project",
        "dependencies": {
          "CommunityToolkit.Diagnostics": "[8.0.0-preview4, )"
        }
      }
    }
  }
}